
Microsoft Visual Studio Solution File, Format Version 12.00
# Visual Studio Version 17
VisualStudioVersion = 17.10.35122.118
MinimumVisualStudioVersion = 10.0.40219.1
Project("{FAE04EC0-301F-11D3-BF4B-00C04F79EFBC}") = "Kariyer.WebUI", "Kariyer.WebUI\Kariyer.WebUI.csproj", "{9512D3D8-E35B-420B-A23C-8CD972FD8D55}"
EndProject
Project("{FAE04EC0-301F-11D3-BF4B-00C04F79EFBC}") = "Kariyer.Entities", "Kariyer.Entities\Kariyer.Entities.csproj", "{771A4F5B-9B95-45C5-A51D-09A03E25B7A2}"
EndProject
Project("{FAE04EC0-301F-11D3-BF4B-00C04F79EFBC}") = "Kariyer.Data", "Kariyer.Data\Kariyer.Data.csproj", "{488AB7B5-D80A-4919-9BEA-650950D67C15}"
EndProject
Project("{FAE04EC0-301F-11D3-BF4B-00C04F79EFBC}") = "Kariyer.Service", "Kariyer.Service\Kariyer.Service.csproj", "{7B5870AF-29CF-42AC-895A-06384B895CED}"
EndProject
Global
	GlobalSection(SolutionConfigurationPlatforms) = preSolution
		Debug|Any CPU = Debug|Any CPU
		Release|Any CPU = Release|Any CPU
	EndGlobalSection
	GlobalSection(ProjectConfigurationPlatforms) = postSolution
		{9512D3D8-E35B-420B-A23C-8CD972FD8D55}.Debug|Any CPU.ActiveCfg = Debug|Any CPU
		{9512D3D8-E35B-420B-A23C-8CD972FD8D55}.Debug|Any CPU.Build.0 = Debug|Any CPU
		{9512D3D8-E35B-420B-A23C-8CD972FD8D55}.Release|Any CPU.ActiveCfg = Release|Any CPU
		{9512D3D8-E35B-420B-A23C-8CD972FD8D55}.Release|Any CPU.Build.0 = Release|Any CPU
		{771A4F5B-9B95-45C5-A51D-09A03E25B7A2}.Debug|Any CPU.ActiveCfg = Debug|Any CPU
		{771A4F5B-9B95-45C5-A51D-09A03E25B7A2}.Debug|Any CPU.Build.0 = Debug|Any CPU
		{771A4F5B-9B95-45C5-A51D-09A03E25B7A2}.Release|Any CPU.ActiveCfg = Release|Any CPU
		{771A4F5B-9B95-45C5-A51D-09A03E25B7A2}.Release|Any CPU.Build.0 = Release|Any CPU
		{488AB7B5-D80A-4919-9BEA-650950D67C15}.Debug|Any CPU.ActiveCfg = Debug|Any CPU
		{488AB7B5-D80A-4919-9BEA-650950D67C15}.Debug|Any CPU.Build.0 = Debug|Any CPU
		{488AB7B5-D80A-4919-9BEA-650950D67C15}.Release|Any CPU.ActiveCfg = Release|Any CPU
		{488AB7B5-D80A-4919-9BEA-650950D67C15}.Release|Any CPU.Build.0 = Release|Any CPU
		{7B5870AF-29CF-42AC-895A-06384B895CED}.Debug|Any CPU.ActiveCfg = Debug|Any CPU
		{7B5870AF-29CF-42AC-895A-06384B895CED}.Debug|Any CPU.Build.0 = Debug|Any CPU
		{7B5870AF-29CF-42AC-895A-06384B895CED}.Release|Any CPU.ActiveCfg = Release|Any CPU
		{7B5870AF-29CF-42AC-895A-06384B895CED}.Release|Any CPU.Build.0 = Release|Any CPU
	EndGlobalSection
	GlobalSection(SolutionProperties) = preSolution
		HideSolutionNode = FALSE
	EndGlobalSection
	GlobalSection(ExtensibilityGlobals) = postSolution
		SolutionGuid = {A9043E31-58E5-47A6-B443-E207ED36C257}
	EndGlobalSection
EndGlobal
